
Microsoft Visual Studio Solution File, Format Version 12.00
# Visual Studio Version 17
VisualStudioVersion = 17.5.33627.172
MinimumVisualStudioVersion = 10.0.40219.1
Project("{FAE04EC0-301F-11D3-BF4B-00C04F79EFBC}") = "RevisionFarmacia.API", "RevisionFarmacia.API\RevisionFarmacia.API.csproj", "{67E879D3-ECB1-4B04-AE56-658E3386BF44}"
EndProject
Global
	GlobalSection(SolutionConfigurationPlatforms) = preSolution
		Debug|Any CPU = Debug|Any CPU
		Release|Any CPU = Release|Any CPU
	EndGlobalSection
	GlobalSection(ProjectConfigurationPlatforms) = postSolution
		{67E879D3-ECB1-4B04-AE56-658E3386BF44}.Debug|Any CPU.ActiveCfg = Debug|Any CPU
		{67E879D3-ECB1-4B04-AE56-658E3386BF44}.Debug|Any CPU.Build.0 = Debug|Any CPU
		{67E879D3-ECB1-4B04-AE56-658E3386BF44}.Release|Any CPU.ActiveCfg = Release|Any CPU
		{67E879D3-ECB1-4B04-AE56-658E3386BF44}.Release|Any CPU.Build.0 = Release|Any CPU
	EndGlobalSection
	GlobalSection(SolutionProperties) = preSolution
		HideSolutionNode = FALSE
	EndGlobalSection
	GlobalSection(ExtensibilityGlobals) = postSolution
		SolutionGuid = {CE87829D-107C-4A96-A4D3-90D6DACDF546}
	EndGlobalSection
EndGlobal
